// !$*UTF8*$!
{
	archiveVersion = 1;
	classes = {
	};
	objectVersion = 50;
	objects = {

/* Begin PBXBuildFile section */
		4EAC9FB4210A1E9B00C78E51 /* AppDelegate.swift in Sources */ = {isa = PBXBuildFile; fileRef = 4EAC9FB3210A1E9B00C78E51 /* AppDelegate.swift */; };
		4EAC9FB6210A1E9B00C78E51 /* ViewController.swift in Sources */ = {isa = PBXBuildFile; fileRef = 4EAC9FB5210A1E9B00C78E51 /* ViewController.swift */; };
		4EAC9FB9210A1E9B00C78E51 /* Main.storyboard in Resources */ = {isa = PBXBuildFile; fileRef = 4EAC9FB7210A1E9B00C78E51 /* Main.storyboard */; };
		4EAC9FBB210A1E9C00C78E51 /* Assets.xcassets in Resources */ = {isa = PBXBuildFile; fileRef = 4EAC9FBA210A1E9C00C78E51 /* Assets.xcassets */; };
		4EAC9FBE210A1E9C00C78E51 /* LaunchScreen.storyboard in Resources */ = {isa = PBXBuildFile; fileRef = 4EAC9FBC210A1E9C00C78E51 /* LaunchScreen.storyboard */; };
		4EAC9FC9210A1E9C00C78E51 /* TheappPFTests.swift in Sources */ = {isa = PBXBuildFile; fileRef = 4EAC9FC8210A1E9C00C78E51 /* TheappPFTests.swift */; };
		4EAC9FD4210A1E9C00C78E51 /* TheappPFUITests.swift in Sources */ = {isa = PBXBuildFile; fileRef = 4EAC9FD3210A1E9C00C78E51 /* TheappPFUITests.swift */; };
		4EAC9FE2210A1F0F00C78E51 /* SignUp.swift in Sources */ = {isa = PBXBuildFile; fileRef = 4EAC9FE1210A1F0F00C78E51 /* SignUp.swift */; };
		4EAC9FE4210A1F3C00C78E51 /* Login.swift in Sources */ = {isa = PBXBuildFile; fileRef = 4EAC9FE3210A1F3C00C78E51 /* Login.swift */; };
		4EAC9FE6210A2A6900C78E51 /* GoogleService-Info.plist in Resources */ = {isa = PBXBuildFile; fileRef = 4EAC9FE5210A2A6900C78E51 /* GoogleService-Info.plist */; };
		FF9F39BB6ECC6F385785B1E5 /* Pods_TheappPF.framework in Frameworks */ = {isa = PBXBuildFile; fileRef = 8507954B95E3980E6BE4DD59 /* Pods_TheappPF.framework */; };
/* End PBXBuildFile section */

/* Begin PBXContainerItemProxy section */
		4EAC9FC5210A1E9C00C78E51 /* PBXContainerItemProxy */ = {
			isa = PBXContainerItemProxy;
			containerPortal = 4EAC9FA8210A1E9B00C78E51 /* Project object */;
			proxyType = 1;
			remoteGlobalIDString = 4EAC9FAF210A1E9B00C78E51;
			remoteInfo = TheappPF;
		};
		4EAC9FD0210A1E9C00C78E51 /* PBXContainerItemProxy */ = {
			isa = PBXContainerItemProxy;
			containerPortal = 4EAC9FA8210A1E9B00C78E51 /* Project object */;
			proxyType = 1;
			remoteGlobalIDString = 4EAC9FAF210A1E9B00C78E51;
			remoteInfo = TheappPF;
		};
/* End PBXContainerItemProxy section */

/* Begin PBXFileReference section */
		284FCC107AF095830A37EE6B /* Pods-TheappPF.release.xcconfig */ = {isa = PBXFileReference; includeInIndex = 1; lastKnownFileType = text.xcconfig; name = "Pods-TheappPF.release.xcconfig"; path = "Pods/Target Support Files/Pods-TheappPF/Pods-TheappPF.release.xcconfig"; sourceTree = "<group>"; };
		4EAC9FB0210A1E9B00C78E51 /* TheappPF.app */ = {isa = PBXFileReference; explicitFileType = wrapper.application; includeInIndex = 0; path = TheappPF.app; sourceTree = BUILT_PRODUCTS_DIR; };
		4EAC9FB3210A1E9B00C78E51 /* AppDelegate.swift */ = {isa = PBXFileReference; lastKnownFileType = sourcecode.swift; path = AppDelegate.swift; sourceTree = "<group>"; };
		4EAC9FB5210A1E9B00C78E51 /* ViewController.swift */ = {isa = PBXFileReference; lastKnownFileType = sourcecode.swift; path = ViewController.swift; sourceTree = "<group>"; };
		4EAC9FB8210A1E9B00C78E51 /* Base */ = {isa = PBXFileReference; lastKnownFileType = file.storyboard; name = Base; path = Base.lproj/Main.storyboard; sourceTree = "<group>"; };
		4EAC9FBA210A1E9C00C78E51 /* Assets.xcassets */ = {isa = PBXFileReference; lastKnownFileType = folder.assetcatalog; path = Assets.xcassets; sourceTree = "<group>"; };
		4EAC9FBD210A1E9C00C78E51 /* Base */ = {isa = PBXFileReference; lastKnownFileType = file.storyboard; name = Base; path = Base.lproj/LaunchScreen.storyboard; sourceTree = "<group>"; };
		4EAC9FBF210A1E9C00C78E51 /* Info.plist */ = {isa = PBXFileReference; lastKnownFileType = text.plist.xml; path = Info.plist; sourceTree = "<group>"; };
		4EAC9FC4210A1E9C00C78E51 /* TheappPFTests.xctest */ = {isa = PBXFileReference; explicitFileType = wrapper.cfbundle; includeInIndex = 0; path = TheappPFTests.xctest; sourceTree = BUILT_PRODUCTS_DIR; };
		4EAC9FC8210A1E9C00C78E51 /* TheappPFTests.swift */ = {isa = PBXFileReference; lastKnownFileType = sourcecode.swift; path = TheappPFTests.swift; sourceTree = "<group>"; };
		4EAC9FCA210A1E9C00C78E51 /* Info.plist */ = {isa = PBXFileReference; lastKnownFileType = text.plist.xml; path = Info.plist; sourceTree = "<group>"; };
		4EAC9FCF210A1E9C00C78E51 /* TheappPFUITests.xctest */ = {isa = PBXFileReference; explicitFileType = wrapper.cfbundle; includeInIndex = 0; path = TheappPFUITests.xctest; sourceTree = BUILT_PRODUCTS_DIR; };
		4EAC9FD3210A1E9C00C78E51 /* TheappPFUITests.swift */ = {isa = PBXFileReference; lastKnownFileType = sourcecode.swift; path = TheappPFUITests.swift; sourceTree = "<group>"; };
		4EAC9FD5210A1E9C00C78E51 /* Info.plist */ = {isa = PBXFileReference; lastKnownFileType = text.plist.xml; path = Info.plist; sourceTree = "<group>"; };
		4EAC9FE1210A1F0F00C78E51 /* SignUp.swift */ = {isa = PBXFileReference; lastKnownFileType = sourcecode.swift; path = SignUp.swift; sourceTree = "<group>"; };
		4EAC9FE3210A1F3C00C78E51 /* Login.swift */ = {isa = PBXFileReference; lastKnownFileType = sourcecode.swift; path = Login.swift; sourceTree = "<group>"; };
		4EAC9FE5210A2A6900C78E51 /* GoogleService-Info.plist */ = {isa = PBXFileReference; fileEncoding = 4; lastKnownFileType = text.plist.xml; name = "GoogleService-Info.plist"; path = "../../../Downloads/GoogleService-Info.plist"; sourceTree = "<group>"; };
		8507954B95E3980E6BE4DD59 /* Pods_TheappPF.framework */ = {isa = PBXFileReference; explicitFileType = wrapper.framework; includeInIndex = 0; path = Pods_TheappPF.framework; sourceTree = BUILT_PRODUCTS_DIR; };
		DF7F8EDDBBA92B74391A5592 /* Pods-TheappPF.debug.xcconfig */ = {isa = PBXFileReference; includeInIndex = 1; lastKnownFileType = text.xcconfig; name = "Pods-TheappPF.debug.xcconfig"; path = "Pods/Target Support Files/Pods-TheappPF/Pods-TheappPF.debug.xcconfig"; sourceTree = "<group>"; };
/* End PBXFileReference section */

/* Begin PBXFrameworksBuildPhase section */
		4EAC9FAD210A1E9B00C78E51 /* Frameworks */ = {
			isa = PBXFrameworksBuildPhase;
			buildActionMask = 2147483647;
			files = (
				FF9F39BB6ECC6F385785B1E5 /* Pods_TheappPF.framework in Frameworks */,
			);
			runOnlyForDeploymentPostprocessing = 0;
		};
		4EAC9FC1210A1E9C00C78E51 /* Frameworks */ = {
			isa = PBXFrameworksBuildPhase;
			buildActionMask = 2147483647;
			files = (
			);
			runOnlyForDeploymentPostprocessing = 0;
		};
		4EAC9FCC210A1E9C00C78E51 /* Frameworks */ = {
			isa = PBXFrameworksBuildPhase;
			buildActionMask = 2147483647;
			files = (
			);
			runOnlyForDeploymentPostprocessing = 0;
		};
/* End PBXFrameworksBuildPhase section */

/* Begin PBXGroup section */
		159A12CB322F5CF7DC1F4604 /* Pods */ = {
			isa = PBXGroup;
			children = (
				DF7F8EDDBBA92B74391A5592 /* Pods-TheappPF.debug.xcconfig */,
				284FCC107AF095830A37EE6B /* Pods-TheappPF.release.xcconfig */,
			);
			name = Pods;
			sourceTree = "<group>";
		};
		4EAC9FA7210A1E9B00C78E51 = {
			isa = PBXGroup;
			children = (
				4EAC9FB2210A1E9B00C78E51 /* TheappPF */,
				4EAC9FC7210A1E9C00C78E51 /* TheappPFTests */,
				4EAC9FD2210A1E9C00C78E51 /* TheappPFUITests */,
				4EAC9FB1210A1E9B00C78E51 /* Products */,
				159A12CB322F5CF7DC1F4604 /* Pods */,
				79C9C61411DCF772C9D314EE /* Frameworks */,
			);
			sourceTree = "<group>";
		};
		4EAC9FB1210A1E9B00C78E51 /* Products */ = {
			isa = PBXGroup;
			children = (
				4EAC9FB0210A1E9B00C78E51 /* TheappPF.app */,
				4EAC9FC4210A1E9C00C78E51 /* TheappPFTests.xctest */,
				4EAC9FCF210A1E9C00C78E51 /* TheappPFUITests.xctest */,
			);
			name = Products;
			sourceTree = "<group>";
		};
		4EAC9FB2210A1E9B00C78E51 /* TheappPF */ = {
			isa = PBXGroup;
			children = (
				4EAC9FB3210A1E9B00C78E51 /* AppDelegate.swift */,
				4EAC9FB5210A1E9B00C78E51 /* ViewController.swift */,
				4EAC9FE1210A1F0F00C78E51 /* SignUp.swift */,
				4EAC9FE3210A1F3C00C78E51 /* Login.swift */,
				4EAC9FB7210A1E9B00C78E51 /* Main.storyboard */,
				4EAC9FBA210A1E9C00C78E51 /* Assets.xcassets */,
				4EAC9FBC210A1E9C00C78E51 /* LaunchScreen.storyboard */,
				4EAC9FBF210A1E9C00C78E51 /* Info.plist */,
				4EAC9FE5210A2A6900C78E51 /* GoogleService-Info.plist */,
			);
			path = TheappPF;
			sourceTree = "<group>";
		};
		4EAC9FC7210A1E9C00C78E51 /* TheappPFTests */ = {
			isa = PBXGroup;
			children = (
				4EAC9FC8210A1E9C00C78E51 /* TheappPFTests.swift */,
				4EAC9FCA210A1E9C00C78E51 /* Info.plist */,
			);
			path = TheappPFTests;
			sourceTree = "<group>";
		};
		4EAC9FD2210A1E9C00C78E51 /* TheappPFUITests */ = {
			isa = PBXGroup;
			children = (
				4EAC9FD3210A1E9C00C78E51 /* TheappPFUITests.swift */,
				4EAC9FD5210A1E9C00C78E51 /* Info.plist */,
			);
			path = TheappPFUITests;
			sourceTree = "<group>";
		};
		79C9C61411DCF772C9D314EE /* Frameworks */ = {
			isa = PBXGroup;
			children = (
				8507954B95E3980E6BE4DD59 /* Pods_TheappPF.framework */,
			);
			name = Frameworks;
			sourceTree = "<group>";
		};
/* End PBXGroup section */

/* Begin PBXNativeTarget section */
		4EAC9FAF210A1E9B00C78E51 /* TheappPF */ = {
			isa = PBXNativeTarget;
			buildConfigurationList = 4EAC9FD8210A1E9C00C78E51 /* Build configuration list for PBXNativeTarget "TheappPF" */;
			buildPhases = (
				50CDAED6482E73F8E5EE41ED /* [CP] Check Pods Manifest.lock */,
				4EAC9FAC210A1E9B00C78E51 /* Sources */,
				4EAC9FAD210A1E9B00C78E51 /* Frameworks */,
				4EAC9FAE210A1E9B00C78E51 /* Resources */,
				24E38700F468F4F00B5B1D2C /* [CP] Embed Pods Frameworks */,
				70A1DC28FAE5A8963696FAA7 /* [CP] Copy Pods Resources */,
			);
			buildRules = (
			);
			dependencies = (
			);
			name = TheappPF;
			productName = TheappPF;
			productReference = 4EAC9FB0210A1E9B00C78E51 /* TheappPF.app */;
			productType = "com.apple.product-type.application";
		};
		4EAC9FC3210A1E9C00C78E51 /* TheappPFTests */ = {
			isa = PBXNativeTarget;
			buildConfigurationList = 4EAC9FDB210A1E9C00C78E51 /* Build configuration list for PBXNativeTarget "TheappPFTests" */;
			buildPhases = (
				4EAC9FC0210A1E9C00C78E51 /* Sources */,
				4EAC9FC1210A1E9C00C78E51 /* Frameworks */,
				4EAC9FC2210A1E9C00C78E51 /* Resources */,
			);
			buildRules = (
			);
			dependencies = (
				4EAC9FC6210A1E9C00C78E51 /* PBXTargetDependency */,
			);
			name = TheappPFTests;
			productName = TheappPFTests;
			productReference = 4EAC9FC4210A1E9C00C78E51 /* TheappPFTests.xctest */;
			productType = "com.apple.product-type.bundle.unit-test";
		};
		4EAC9FCE210A1E9C00C78E51 /* TheappPFUITests */ = {
			isa = PBXNativeTarget;
			buildConfigurationList = 4EAC9FDE210A1E9C00C78E51 /* Build configuration list for PBXNativeTarget "TheappPFUITests" */;
			buildPhases = (
				4EAC9FCB210A1E9C00C78E51 /* Sources */,
				4EAC9FCC210A1E9C00C78E51 /* Frameworks */,
				4EAC9FCD210A1E9C00C78E51 /* Resources */,
			);
			buildRules = (
			);
			dependencies = (
				4EAC9FD1210A1E9C00C78E51 /* PBXTargetDependency */,
			);
			name = TheappPFUITests;
			productName = TheappPFUITests;
			productReference = 4EAC9FCF210A1E9C00C78E51 /* TheappPFUITests.xctest */;
			productType = "com.apple.product-type.bundle.ui-testing";
		};
/* End PBXNativeTarget section */

/* Begin PBXProject section */
		4EAC9FA8210A1E9B00C78E51 /* Project object */ = {
			isa = PBXProject;
			attributes = {
				LastSwiftUpdateCheck = 0940;
				LastUpgradeCheck = 0940;
				ORGANIZATIONNAME = HGPMAC39;
				TargetAttributes = {
					4EAC9FAF210A1E9B00C78E51 = {
						CreatedOnToolsVersion = 9.4.1;
					};
					4EAC9FC3210A1E9C00C78E51 = {
						CreatedOnToolsVersion = 9.4.1;
						TestTargetID = 4EAC9FAF210A1E9B00C78E51;
					};
					4EAC9FCE210A1E9C00C78E51 = {
						CreatedOnToolsVersion = 9.4.1;
						TestTargetID = 4EAC9FAF210A1E9B00C78E51;
					};
				};
			};
			buildConfigurationList = 4EAC9FAB210A1E9B00C78E51 /* Build configuration list for PBXProject "TheappPF" */;
			compatibilityVersion = "Xcode 9.3";
			developmentRegion = en;
			hasScannedForEncodings = 0;
			knownRegions = (
				en,
				Base,
			);
			mainGroup = 4EAC9FA7210A1E9B00C78E51;
			productRefGroup = 4EAC9FB1210A1E9B00C78E51 /* Products */;
			projectDirPath = "";
			projectRoot = "";
			targets = (
				4EAC9FAF210A1E9B00C78E51 /* TheappPF */,
				4EAC9FC3210A1E9C00C78E51 /* TheappPFTests */,
				4EAC9FCE210A1E9C00C78E51 /* TheappPFUITests */,
			);
		};
/* End PBXProject section */

/* Begin PBXResourcesBuildPhase section */
		4EAC9FAE210A1E9B00C78E51 /* Resources */ = {
			isa = PBXResourcesBuildPhase;
			buildActionMask = 2147483647;
			files = (
				4EAC9FBE210A1E9C00C78E51 /* LaunchScreen.storyboard in Resources */,
				4EAC9FBB210A1E9C00C78E51 /* Assets.xcassets in Resources */,
				4EAC9FB9210A1E9B00C78E51 /* Main.storyboard in Resources */,
				4EAC9FE6210A2A6900C78E51 /* GoogleService-Info.plist in Resources */,
			);
			runOnlyForDeploymentPostprocessing = 0;
		};
		4EAC9FC2210A1E9C00C78E51 /* Resources */ = {
			isa = PBXResourcesBuildPhase;
			buildActionMask = 2147483647;
			files = (
			);
			runOnlyForDeploymentPostprocessing = 0;
		};
		4EAC9FCD210A1E9C00C78E51 /* Resources */ = {
			isa = PBXResourcesBuildPhase;
			buildActionMask = 2147483647;
			files = (
			);
			runOnlyForDeploymentPostprocessing = 0;
		};
/* End PBXResourcesBuildPhase section */

/* Begin PBXShellScriptBuildPhase section */
		24E38700F468F4F00B5B1D2C /* [CP] Embed Pods Frameworks */ = {
			isa = PBXShellScriptBuildPhase;
			buildActionMask = 2147483647;
			files = (
			);
			inputPaths = (
				"${SRCROOT}/Pods/Target Support Files/Pods-TheappPF/Pods-TheappPF-frameworks.sh",
				"${BUILT_PRODUCTS_DIR}/GTMSessionFetcher/GTMSessionFetcher.framework",
				"${BUILT_PRODUCTS_DIR}/GoogleToolboxForMac/GoogleToolboxForMac.framework",
				"${BUILT_PRODUCTS_DIR}/leveldb-library/leveldb.framework",
				"${BUILT_PRODUCTS_DIR}/nanopb/nanopb.framework",
			);
			name = "[CP] Embed Pods Frameworks";
			outputPaths = (
				"${TARGET_BUILD_DIR}/${FRAMEWORKS_FOLDER_PATH}/GTMSessionFetcher.framework",
				"${TARGET_BUILD_DIR}/${FRAMEWORKS_FOLDER_PATH}/GoogleToolboxForMac.framework",
				"${TARGET_BUILD_DIR}/${FRAMEWORKS_FOLDER_PATH}/leveldb.framework",
				"${TARGET_BUILD_DIR}/${FRAMEWORKS_FOLDER_PATH}/nanopb.framework",
			);
			runOnlyForDeploymentPostprocessing = 0;
			shellPath = /bin/sh;
			shellScript = "\"${SRCROOT}/Pods/Target Support Files/Pods-TheappPF/Pods-TheappPF-frameworks.sh\"\n";
			showEnvVarsInLog = 0;
		};
		50CDAED6482E73F8E5EE41ED /* [CP] Check Pods Manifest.lock */ = {
			isa = PBXShellScriptBuildPhase;
			buildActionMask = 2147483647;
			files = (
			);
			inputPaths = (
				"${PODS_PODFILE_DIR_PATH}/Podfile.lock",
				"${PODS_ROOT}/Manifest.lock",
			);
			name = "[CP] Check Pods Manifest.lock";
			outputPaths = (
				"$(DERIVED_FILE_DIR)/Pods-TheappPF-checkManifestLockResult.txt",
			);
			runOnlyForDeploymentPostprocessing = 0;
			shellPath = /bin/sh;
			shellScript = "diff \"${PODS_PODFILE_DIR_PATH}/Podfile.lock\" \"${PODS_ROOT}/Manifest.lock\" > /dev/null\nif [ $? != 0 ] ; then\n    # print error to STDERR\n    echo \"error: The sandbox is not in sync with the Podfile.lock. Run 'pod install' or update your CocoaPods installation.\" >&2\n    exit 1\nfi\n# This output is used by Xcode 'outputs' to avoid re-running this script phase.\necho \"SUCCESS\" > \"${SCRIPT_OUTPUT_FILE_0}\"\n";
			showEnvVarsInLog = 0;
		};
		70A1DC28FAE5A8963696FAA7 /* [CP] Copy Pods Resources */ = {
			isa = PBXShellScriptBuildPhase;
			buildActionMask = 2147483647;
			files = (
			);
			inputPaths = (
				"${SRCROOT}/Pods/Target Support Files/Pods-TheappPF/Pods-TheappPF-resources.sh",
				"${PODS_ROOT}/GoogleMaps/Maps/Frameworks/GoogleMaps.framework/Resources/GoogleMaps.bundle",
				"${PODS_ROOT}/GooglePlaces/Frameworks/GooglePlaces.framework/Resources/GooglePlaces.bundle",
			);
			name = "[CP] Copy Pods Resources";
			outputPaths = (
				"${TARGET_BUILD_DIR}/${UNLOCALIZED_RESOURCES_FOLDER_PATH}/GoogleMaps.bundle",
				"${TARGET_BUILD_DIR}/${UNLOCALIZED_RESOURCES_FOLDER_PATH}/GooglePlaces.bundle",
			);
			runOnlyForDeploymentPostprocessing = 0;
			shellPath = /bin/sh;
			shellScript = "\"${SRCROOT}/Pods/Target Support Files/Pods-TheappPF/Pods-TheappPF-resources.sh\"\n";
			showEnvVarsInLog = 0;
		};
/* End PBXShellScriptBuildPhase section */

/* Begin PBXSourcesBuildPhase section */
		4EAC9FAC210A1E9B00C78E51 /* Sources */ = {
			isa = PBXSourcesBuildPhase;
			buildActionMask = 2147483647;
			files = (
				4EAC9FB6210A1E9B00C78E51 /* ViewController.swift in Sources */,
				4EAC9FE2210A1F0F00C78E51 /* SignUp.swift in Sources */,
				4EAC9FB4210A1E9B00C78E51 /* AppDelegate.swift in Sources */,
				4EAC9FE4210A1F3C00C78E51 /* Login.swift in Sources */,
			);
			runOnlyForDeploymentPostprocessing = 0;
		};
		4EAC9FC0210A1E9C00C78E51 /* Sources */ = {
			isa = PBXSourcesBuildPhase;
			buildActionMask = 2147483647;
			files = (
				4EAC9FC9210A1E9C00C78E51 /* TheappPFTests.swift in Sources */,
			);
			runOnlyForDeploymentPostprocessing = 0;
		};
		4EAC9FCB210A1E9C00C78E51 /* Sources */ = {
			isa = PBXSourcesBuildPhase;
			buildActionMask = 2147483647;
			files = (
				4EAC9FD4210A1E9C00C78E51 /* TheappPFUITests.swift in Sources */,
			);
			runOnlyForDeploymentPostprocessing = 0;
		};
/* End PBXSourcesBuildPhase section */

/* Begin PBXTargetDependency section */
		4EAC9FC6210A1E9C00C78E51 /* PBXTargetDependency */ = {
			isa = PBXTargetDependency;
			target = 4EAC9FAF210A1E9B00C78E51 /* TheappPF */;
			targetProxy = 4EAC9FC5210A1E9C00C78E51 /* PBXContainerItemProxy */;
		};
		4EAC9FD1210A1E9C00C78E51 /* PBXTargetDependency */ = {
			isa = PBXTargetDependency;
			target = 4EAC9FAF210A1E9B00C78E51 /* TheappPF */;
			targetProxy = 4EAC9FD0210A1E9C00C78E51 /* PBXContainerItemProxy */;
		};
/* End PBXTargetDependency section */

/* Begin PBXVariantGroup section */
		4EAC9FB7210A1E9B00C78E51 /* Main.storyboard */ = {
			isa = PBXVariantGroup;
			children = (
				4EAC9FB8210A1E9B00C78E51 /* Base */,
			);
			name = Main.storyboard;
			sourceTree = "<group>";
		};
		4EAC9FBC210A1E9C00C78E51 /* LaunchScreen.storyboard */ = {
			isa = PBXVariantGroup;
			children = (
				4EAC9FBD210A1E9C00C78E51 /* Base */,
			);
			name = LaunchScreen.storyboard;
			sourceTree = "<group>";
		};
/* End PBXVariantGroup section */

/* Begin XCBuildConfiguration section */
		4EAC9FD6210A1E9C00C78E51 /* Debug */ = {
			isa = XCBuildConfiguration;
			buildSettings = {
				ALWAYS_SEARCH_USER_PATHS = NO;
				CLANG_ANALYZER_NONNULL = YES;
				CLANG_ANALYZER_NUMBER_OBJECT_CONVERSION = YES_AGGRESSIVE;
				CLANG_CXX_LANGUAGE_STANDARD = "gnu++14";
				CLANG_CXX_LIBRARY = "libc++";
				CLANG_ENABLE_MODULES = YES;
				CLANG_ENABLE_OBJC_ARC = YES;
				CLANG_ENABLE_OBJC_WEAK = YES;
				CLANG_WARN_BLOCK_CAPTURE_AUTORELEASING = YES;
				CLANG_WARN_BOOL_CONVERSION = YES;
				CLANG_WARN_COMMA = YES;
				CLANG_WARN_CONSTANT_CONVERSION = YES;
				CLANG_WARN_DEPRECATED_OBJC_IMPLEMENTATIONS = YES;
				CLANG_WARN_DIRECT_OBJC_ISA_USAGE = YES_ERROR;
				CLANG_WARN_DOCUMENTATION_COMMENTS = YES;
				CLANG_WARN_EMPTY_BODY = YES;
				CLANG_WARN_ENUM_CONVERSION = YES;
				CLANG_WARN_INFINITE_RECURSION = YES;
				CLANG_WARN_INT_CONVERSION = YES;
				CLANG_WARN_NON_LITERAL_NULL_CONVERSION = YES;
				CLANG_WARN_OBJC_IMPLICIT_RETAIN_SELF = YES;
				CLANG_WARN_OBJC_LITERAL_CONVERSION = YES;
				CLANG_WARN_OBJC_ROOT_CLASS = YES_ERROR;
				CLANG_WARN_RANGE_LOOP_ANALYSIS = YES;
				CLANG_WARN_STRICT_PROTOTYPES = YES;
				CLANG_WARN_SUSPICIOUS_MOVE = YES;
				CLANG_WARN_UNGUARDED_AVAILABILITY = YES_AGGRESSIVE;
				CLANG_WARN_UNREACHABLE_CODE = YES;
				CLANG_WARN__DUPLICATE_METHOD_MATCH = YES;
				CODE_SIGN_IDENTITY = "iPhone Developer";
				COPY_PHASE_STRIP = NO;
				DEBUG_INFORMATION_FORMAT = dwarf;
				ENABLE_STRICT_OBJC_MSGSEND = YES;
				ENABLE_TESTABILITY = YES;
				GCC_C_LANGUAGE_STANDARD = gnu11;
				GCC_DYNAMIC_NO_PIC = NO;
				GCC_NO_COMMON_BLOCKS = YES;
				GCC_OPTIMIZATION_LEVEL = 0;
				GCC_PREPROCESSOR_DEFINITIONS = (
					"DEBUG=1",
					"$(inherited)",
				);
				GCC_WARN_64_TO_32_BIT_CONVERSION = YES;
				GCC_WARN_ABOUT_RETURN_TYPE = YES_ERROR;
				GCC_WARN_UNDECLARED_SELECTOR = YES;
				GCC_WARN_UNINITIALIZED_AUTOS = YES_AGGRESSIVE;
				GCC_WARN_UNUSED_FUNCTION = YES;
				GCC_WARN_UNUSED_VARIABLE = YES;
				IPHONEOS_DEPLOYMENT_TARGET = 11.4;
				MTL_ENABLE_DEBUG_INFO = YES;
				ONLY_ACTIVE_ARCH = YES;
				SDKROOT = iphoneos;
				SWIFT_ACTIVE_COMPILATION_CONDITIONS = DEBUG;
				SWIFT_OPTIMIZATION_LEVEL = "-Onone";
			};
			name = Debug;
		};
		4EAC9FD7210A1E9C00C78E51 /* Release */ = {
			isa = XCBuildConfiguration;
			buildSettings = {
				ALWAYS_SEARCH_USER_PATHS = NO;
				CLANG_ANALYZER_NONNULL = YES;
				CLANG_ANALYZER_NUMBER_OBJECT_CONVERSION = YES_AGGRESSIVE;
				CLANG_CXX_LANGUAGE_STANDARD = "gnu++14";
				CLANG_CXX_LIBRARY = "libc++";
				CLANG_ENABLE_MODULES = YES;
				CLANG_ENABLE_OBJC_ARC = YES;
				CLANG_ENABLE_OBJC_WEAK = YES;
				CLANG_WARN_BLOCK_CAPTURE_AUTORELEASING = YES;
				CLANG_WARN_BOOL_CONVERSION = YES;
				CLANG_WARN_COMMA = YES;
				CLANG_WARN_CONSTANT_CONVERSION = YES;
				CLANG_WARN_DEPRECATED_OBJC_IMPLEMENTATIONS = YES;
				CLANG_WARN_DIRECT_OBJC_ISA_USAGE = YES_ERROR;
				CLANG_WARN_DOCUMENTATION_COMMENTS = YES;
				CLANG_WARN_EMPTY_BODY = YES;
				CLANG_WARN_ENUM_CONVERSION = YES;
				CLANG_WARN_INFINITE_RECURSION = YES;
				CLANG_WARN_INT_CONVERSION = YES;
				CLANG_WARN_NON_LITERAL_NULL_CONVERSION = YES;
				CLANG_WARN_OBJC_IMPLICIT_RETAIN_SELF = YES;
				CLANG_WARN_OBJC_LITERAL_CONVERSION = YES;
				CLANG_WARN_OBJC_ROOT_CLASS = YES_ERROR;
				CLANG_WARN_RANGE_LOOP_ANALYSIS = YES;
				CLANG_WARN_STRICT_PROTOTYPES = YES;
				CLANG_WARN_SUSPICIOUS_MOVE = YES;
				CLANG_WARN_UNGUARDED_AVAILABILITY = YES_AGGRESSIVE;
				CLANG_WARN_UNREACHABLE_CODE = YES;
				CLANG_WARN__DUPLICATE_METHOD_MATCH = YES;
				CODE_SIGN_IDENTITY = "iPhone Developer";
				COPY_PHASE_STRIP = NO;
				DEBUG_INFORMATION_FORMAT = "dwarf-with-dsym";
				ENABLE_NS_ASSERTIONS = NO;
				ENABLE_STRICT_OBJC_MSGSEND = YES;
				GCC_C_LANGUAGE_STANDARD = gnu11;
				GCC_NO_COMMON_BLOCKS = YES;
				GCC_WARN_64_TO_32_BIT_CONVERSION = YES;
				GCC_WARN_ABOUT_RETURN_TYPE = YES_ERROR;
				GCC_WARN_UNDECLARED_SELECTOR = YES;
				GCC_WARN_UNINITIALIZED_AUTOS = YES_AGGRESSIVE;
				GCC_WARN_UNUSED_FUNCTION = YES;
				GCC_WARN_UNUSED_VARIABLE = YES;
				IPHONEOS_DEPLOYMENT_TARGET = 11.4;
				MTL_ENABLE_DEBUG_INFO = NO;
				SDKROOT = iphoneos;
				SWIFT_COMPILATION_MODE = wholemodule;
				SWIFT_OPTIMIZATION_LEVEL = "-O";
				VALIDATE_PRODUCT = YES;
			};
			name = Release;
		};
		4EAC9FD9210A1E9C00C78E51 /* Debug */ = {
			isa = XCBuildConfiguration;
			baseConfigurationReference = DF7F8EDDBBA92B74391A5592 /* Pods-TheappPF.debug.xcconfig */;
			buildSettings = {
				ASSETCATALOG_COMPILER_APPICON_NAME = AppIcon;
				CODE_SIGN_STYLE = Automatic;
				DEVELOPMENT_TEAM = 2M69R85GQ8;
				INFOPLIST_FILE = TheappPF/Info.plist;
				LD_RUNPATH_SEARCH_PATHS = (
					"$(inherited)",
					"@executable_path/Frameworks",
				);
				PRODUCT_BUNDLE_IDENTIFIER = HGP.TheappPF;
				PRODUCT_NAME = "$(TARGET_NAME)";
				SWIFT_VERSION = 4.0;
				TARGETED_DEVICE_FAMILY = "1,2";
			};
			name = Debug;
		};
		4EAC9FDA210A1E9C00C78E51 /* Release */ = {
			isa = XCBuildConfiguration;
			baseConfigurationReference = 284FCC107AF095830A37EE6B /* Pods-TheappPF.release.xcconfig */;
			buildSettings = {
				ASSETCATALOG_COMPILER_APPICON_NAME = AppIcon;
				CODE_SIGN_STYLE = Automatic;
				DEVELOPMENT_TEAM = 2M69R85GQ8;
				INFOPLIST_FILE = TheappPF/Info.plist;
				LD_RUNPATH_SEARCH_PATHS = (
					"$(inherited)",
					"@executable_path/Frameworks",
				);
				PRODUCT_BUNDLE_IDENTIFIER = HGP.TheappPF;
				PRODUCT_NAME = "$(TARGET_NAME)";
				SWIFT_VERSION = 4.0;
				TARGETED_DEVICE_FAMILY = "1,2";
			};
			name = Release;
		};
		4EAC9FDC210A1E9C00C78E51 /* Debug */ = {
			isa = XCBuildConfiguration;
			buildSettings = {
				ALWAYS_EMBED_SWIFT_STANDARD_LIBRARIES = YES;
				BUNDLE_LOADER = "$(TEST_HOST)";
				CODE_SIGN_STYLE = Automatic;
				DEVELOPMENT_TEAM = 2M69R85GQ8;
				INFOPLIST_FILE = TheappPFTests/Info.plist;
				LD_RUNPATH_SEARCH_PATHS = (
					"$(inherited)",
					"@executable_path/Frameworks",
					"@loader_path/Frameworks",
				);
				PRODUCT_BUNDLE_IDENTIFIER = HGP.TheappPFTests;
				PRODUCT_NAME = "$(TARGET_NAME)";
				SWIFT_VERSION = 4.0;
				TARGETED_DEVICE_FAMILY = "1,2";
				TEST_HOST = "$(BUILT_PRODUCTS_DIR)/TheappPF.app/TheappPF";
			};
			name = Debug;
		};
		4EAC9FDD210A1E9C00C78E51 /* Release */ = {
			isa = XCBuildConfiguration;
			buildSettings = {
				ALWAYS_EMBED_SWIFT_STANDARD_LIBRARIES = YES;
				BUNDLE_LOADER = "$(TEST_HOST)";
				CODE_SIGN_STYLE = Automatic;
				DEVELOPMENT_TEAM = 2M69R85GQ8;
				INFOPLIST_FILE = TheappPFTests/Info.plist;
				LD_RUNPATH_SEARCH_PATHS = (
					"$(inherited)",
					"@executable_path/Frameworks",
					"@loader_path/Frameworks",
				);
				PRODUCT_BUNDLE_IDENTIFIER = HGP.TheappPFTests;
				PRODUCT_NAME = "$(TARGET_NAME)";
				SWIFT_VERSION = 4.0;
				TARGETED_DEVICE_FAMILY = "1,2";
				TEST_HOST = "$(BUILT_PRODUCTS_DIR)/TheappPF.app/TheappPF";
			};
			name = Release;
		};
		4EAC9FDF210A1E9C00C78E51 /* Debug */ = {
			isa = XCBuildConfiguration;
			buildSettings = {
				ALWAYS_EMBED_SWIFT_STANDARD_LIBRARIES = YES;
				CODE_SIGN_STYLE = Automatic;
				DEVELOPMENT_TEAM = 2M69R85GQ8;
				INFOPLIST_FILE = TheappPFUITests/Info.plist;
				LD_RUNPATH_SEARCH_PATHS = (
					"$(inherited)",
					"@executable_path/Frameworks",
					"@loader_path/Frameworks",
				);
				PRODUCT_BUNDLE_IDENTIFIER = HGP.TheappPFUITests;
				PRODUCT_NAME = "$(TARGET_NAME)";
				SWIFT_VERSION = 4.0;
				TARGETED_DEVICE_FAMILY = "1,2";
				TEST_TARGET_NAME = TheappPF;
			};
			name = Debug;
		};
		4EAC9FE0210A1E9C00C78E51 /* Release */ = {
			isa = XCBuildConfiguration;
			buildSettings = {
				ALWAYS_EMBED_SWIFT_STANDARD_LIBRARIES = YES;
				CODE_SIGN_STYLE = Automatic;
				DEVELOPMENT_TEAM = 2M69R85GQ8;
				INFOPLIST_FILE = TheappPFUITests/Info.plist;
				LD_RUNPATH_SEARCH_PATHS = (
					"$(inherited)",
					"@executable_path/Frameworks",
					"@loader_path/Frameworks",
				);
				PRODUCT_BUNDLE_IDENTIFIER = HGP.TheappPFUITests;
				PRODUCT_NAME = "$(TARGET_NAME)";
				SWIFT_VERSION = 4.0;
				TARGETED_DEVICE_FAMILY = "1,2";
				TEST_TARGET_NAME = TheappPF;
			};
			name = Release;
		};
/* End XCBuildConfiguration section */

/* Begin XCConfigurationList section */
		4EAC9FAB210A1E9B00C78E51 /* Build configuration list for PBXProject "TheappPF" */ = {
			isa = XCConfigurationList;
			buildConfigurations = (
				4EAC9FD6210A1E9C00C78E51 /* Debug */,
				4EAC9FD7210A1E9C00C78E51 /* Release */,
			);
			defaultConfigurationIsVisible = 0;
			defaultConfigurationName = Release;
		};
		4EAC9FD8210A1E9C00C78E51 /* Build configuration list for PBXNativeTarget "TheappPF" */ = {
			isa = XCConfigurationList;
			buildConfigurations = (
				4EAC9FD9210A1E9C00C78E51 /* Debug */,
				4EAC9FDA210A1E9C00C78E51 /* Release */,
			);
			defaultConfigurationIsVisible = 0;
			defaultConfigurationName = Release;
		};
		4EAC9FDB210A1E9C00C78E51 /* Build configuration list for PBXNativeTarget "TheappPFTests" */ = {
			isa = XCConfigurationList;
			buildConfigurations = (
				4EAC9FDC210A1E9C00C78E51 /* Debug */,
				4EAC9FDD210A1E9C00C78E51 /* Release */,
			);
			defaultConfigurationIsVisible = 0;
			defaultConfigurationName = Release;
		};
		4EAC9FDE210A1E9C00C78E51 /* Build configuration list for PBXNativeTarget "TheappPFUITests" */ = {
			isa = XCConfigurationList;
			buildConfigurations = (
				4EAC9FDF210A1E9C00C78E51 /* Debug */,
				4EAC9FE0210A1E9C00C78E51 /* Release */,
			);
			defaultConfigurationIsVisible = 0;
			defaultConfigurationName = Release;
		};
/* End XCConfigurationList section */
	};
	rootObject = 4EAC9FA8210A1E9B00C78E51 /* Project object */;
}
